
Microsoft Visual Studio Solution File, Format Version 12.00
Project("{FAE04EC0-301F-11D3-BF4B-00C04F79EFBC}") = "ConsoleApp2", "ConsoleApp2\ConsoleApp2.csproj", "{2DAE2536-83C2-411A-9295-93C7ED17B6D7}"
EndProject
Global
	GlobalSection(SolutionConfigurationPlatforms) = preSolution
		Debug|Any CPU = Debug|Any CPU
		Release|Any CPU = Release|Any CPU
	EndGlobalSection
	GlobalSection(ProjectConfigurationPlatforms) = postSolution
		{2DAE2536-83C2-411A-9295-93C7ED17B6D7}.Debug|Any CPU.ActiveCfg = Debug|Any CPU
		{2DAE2536-83C2-411A-9295-93C7ED17B6D7}.Debug|Any CPU.Build.0 = Debug|Any CPU
		{2DAE2536-83C2-411A-9295-93C7ED17B6D7}.Release|Any CPU.ActiveCfg = Release|Any CPU
		{2DAE2536-83C2-411A-9295-93C7ED17B6D7}.Release|Any CPU.Build.0 = Release|Any CPU
	EndGlobalSection
EndGlobal
